
Microsoft Visual Studio Solution File, Format Version 12.00
# Visual Studio Version 17
VisualStudioVersion = 17.5.33516.290
MinimumVisualStudioVersion = 10.0.40219.1
Project("{FAE04EC0-301F-11D3-BF4B-00C04F79EFBC}") = "Generics1", "Generics1\Generics1.csproj", "{B0002E4A-FB7C-40FE-BB16-83F9E1CC5A9D}"
EndProject
Global
	GlobalSection(SolutionConfigurationPlatforms) = preSolution
		Debug|Any CPU = Debug|Any CPU
		Release|Any CPU = Release|Any CPU
	EndGlobalSection
	GlobalSection(ProjectConfigurationPlatforms) = postSolution
		{B0002E4A-FB7C-40FE-BB16-83F9E1CC5A9D}.Debug|Any CPU.ActiveCfg = Debug|Any CPU
		{B0002E4A-FB7C-40FE-BB16-83F9E1CC5A9D}.Debug|Any CPU.Build.0 = Debug|Any CPU
		{B0002E4A-FB7C-40FE-BB16-83F9E1CC5A9D}.Release|Any CPU.ActiveCfg = Release|Any CPU
		{B0002E4A-FB7C-40FE-BB16-83F9E1CC5A9D}.Release|Any CPU.Build.0 = Release|Any CPU
	EndGlobalSection
	GlobalSection(SolutionProperties) = preSolution
		HideSolutionNode = FALSE
	EndGlobalSection
	GlobalSection(ExtensibilityGlobals) = postSolution
		SolutionGuid = {65E366DE-2570-435C-AD2F-CB55E4CCD37E}
	EndGlobalSection
EndGlobal
