
Microsoft Visual Studio Solution File, Format Version 12.00
# Visual Studio Version 17
VisualStudioVersion = 17.5.33516.290
MinimumVisualStudioVersion = 10.0.40219.1
Project("{FAE04EC0-301F-11D3-BF4B-00C04F79EFBC}") = "ClassAboutPath", "ClassAboutPath\ClassAboutPath.csproj", "{40E0A92E-48E1-4F13-A54B-D2843BB4DB89}"
EndProject
Global
	GlobalSection(SolutionConfigurationPlatforms) = preSolution
		Debug|Any CPU = Debug|Any CPU
		Release|Any CPU = Release|Any CPU
	EndGlobalSection
	GlobalSection(ProjectConfigurationPlatforms) = postSolution
		{40E0A92E-48E1-4F13-A54B-D2843BB4DB89}.Debug|Any CPU.ActiveCfg = Debug|Any CPU
		{40E0A92E-48E1-4F13-A54B-D2843BB4DB89}.Debug|Any CPU.Build.0 = Debug|Any CPU
		{40E0A92E-48E1-4F13-A54B-D2843BB4DB89}.Release|Any CPU.ActiveCfg = Release|Any CPU
		{40E0A92E-48E1-4F13-A54B-D2843BB4DB89}.Release|Any CPU.Build.0 = Release|Any CPU
	EndGlobalSection
	GlobalSection(SolutionProperties) = preSolution
		HideSolutionNode = FALSE
	EndGlobalSection
	GlobalSection(ExtensibilityGlobals) = postSolution
		SolutionGuid = {F47DA66B-D2A8-4073-8491-EAE884159695}
	EndGlobalSection
EndGlobal
