
Microsoft Visual Studio Solution File, Format Version 12.00
# Visual Studio Version 17
VisualStudioVersion = 17.5.33516.290
MinimumVisualStudioVersion = 10.0.40219.1
Project("{FAE04EC0-301F-11D3-BF4B-00C04F79EFBC}") = "UsingComparison", "UsingComparison\UsingComparison.csproj", "{6EFF706B-FA7A-44DE-AC72-F69BB3DB7162}"
EndProject
Global
	GlobalSection(SolutionConfigurationPlatforms) = preSolution
		Debug|Any CPU = Debug|Any CPU
		Release|Any CPU = Release|Any CPU
	EndGlobalSection
	GlobalSection(ProjectConfigurationPlatforms) = postSolution
		{6EFF706B-FA7A-44DE-AC72-F69BB3DB7162}.Debug|Any CPU.ActiveCfg = Debug|Any CPU
		{6EFF706B-FA7A-44DE-AC72-F69BB3DB7162}.Debug|Any CPU.Build.0 = Debug|Any CPU
		{6EFF706B-FA7A-44DE-AC72-F69BB3DB7162}.Release|Any CPU.ActiveCfg = Release|Any CPU
		{6EFF706B-FA7A-44DE-AC72-F69BB3DB7162}.Release|Any CPU.Build.0 = Release|Any CPU
	EndGlobalSection
	GlobalSection(SolutionProperties) = preSolution
		HideSolutionNode = FALSE
	EndGlobalSection
	GlobalSection(ExtensibilityGlobals) = postSolution
		SolutionGuid = {08D0FDFB-A58C-4E84-9678-2750B8C55E47}
	EndGlobalSection
EndGlobal
