
Microsoft Visual Studio Solution File, Format Version 12.00
# Visual Studio Version 17
VisualStudioVersion = 17.5.33516.290
MinimumVisualStudioVersion = 10.0.40219.1
Project("{FAE04EC0-301F-11D3-BF4B-00C04F79EFBC}") = "Enumerations", "Enumerations\Enumerations.csproj", "{F43FF9D2-AA55-4381-BD77-DD84712A8C8E}"
EndProject
Global
	GlobalSection(SolutionConfigurationPlatforms) = preSolution
		Debug|Any CPU = Debug|Any CPU
		Release|Any CPU = Release|Any CPU
	EndGlobalSection
	GlobalSection(ProjectConfigurationPlatforms) = postSolution
		{F43FF9D2-AA55-4381-BD77-DD84712A8C8E}.Debug|Any CPU.ActiveCfg = Debug|Any CPU
		{F43FF9D2-AA55-4381-BD77-DD84712A8C8E}.Debug|Any CPU.Build.0 = Debug|Any CPU
		{F43FF9D2-AA55-4381-BD77-DD84712A8C8E}.Release|Any CPU.ActiveCfg = Release|Any CPU
		{F43FF9D2-AA55-4381-BD77-DD84712A8C8E}.Release|Any CPU.Build.0 = Release|Any CPU
	EndGlobalSection
	GlobalSection(SolutionProperties) = preSolution
		HideSolutionNode = FALSE
	EndGlobalSection
	GlobalSection(ExtensibilityGlobals) = postSolution
		SolutionGuid = {7D74E1FB-C484-4904-9B59-11757F75CFFB}
	EndGlobalSection
EndGlobal
