
Microsoft Visual Studio Solution File, Format Version 12.00
# Visual Studio Version 17
VisualStudioVersion = 17.5.33516.290
MinimumVisualStudioVersion = 10.0.40219.1
Project("{FAE04EC0-301F-11D3-BF4B-00C04F79EFBC}") = "Exercise1", "Exercise1\Exercise1.csproj", "{533588F1-6245-4CA3-9C09-50D271F332E8}"
EndProject
Global
	GlobalSection(SolutionConfigurationPlatforms) = preSolution
		Debug|Any CPU = Debug|Any CPU
		Release|Any CPU = Release|Any CPU
	EndGlobalSection
	GlobalSection(ProjectConfigurationPlatforms) = postSolution
		{533588F1-6245-4CA3-9C09-50D271F332E8}.Debug|Any CPU.ActiveCfg = Debug|Any CPU
		{533588F1-6245-4CA3-9C09-50D271F332E8}.Debug|Any CPU.Build.0 = Debug|Any CPU
		{533588F1-6245-4CA3-9C09-50D271F332E8}.Release|Any CPU.ActiveCfg = Release|Any CPU
		{533588F1-6245-4CA3-9C09-50D271F332E8}.Release|Any CPU.Build.0 = Release|Any CPU
	EndGlobalSection
	GlobalSection(SolutionProperties) = preSolution
		HideSolutionNode = FALSE
	EndGlobalSection
	GlobalSection(ExtensibilityGlobals) = postSolution
		SolutionGuid = {327EEFB7-3CB3-4473-A68B-9AB04AFEEF17}
	EndGlobalSection
EndGlobal
