
Microsoft Visual Studio Solution File, Format Version 12.00
# Visual Studio Version 17
VisualStudioVersion = 17.5.33516.290
MinimumVisualStudioVersion = 10.0.40219.1
Project("{FAE04EC0-301F-11D3-BF4B-00C04F79EFBC}") = "CriandoExcecoesPersonalizadasBoas", "CriandoExcecoesPersonalizadasBoas\CriandoExcecoesPersonalizadasBoas.csproj", "{C2899ADD-F0CB-4857-A7F2-A4997309B1A9}"
EndProject
Global
	GlobalSection(SolutionConfigurationPlatforms) = preSolution
		Debug|Any CPU = Debug|Any CPU
		Release|Any CPU = Release|Any CPU
	EndGlobalSection
	GlobalSection(ProjectConfigurationPlatforms) = postSolution
		{C2899ADD-F0CB-4857-A7F2-A4997309B1A9}.Debug|Any CPU.ActiveCfg = Debug|Any CPU
		{C2899ADD-F0CB-4857-A7F2-A4997309B1A9}.Debug|Any CPU.Build.0 = Debug|Any CPU
		{C2899ADD-F0CB-4857-A7F2-A4997309B1A9}.Release|Any CPU.ActiveCfg = Release|Any CPU
		{C2899ADD-F0CB-4857-A7F2-A4997309B1A9}.Release|Any CPU.Build.0 = Release|Any CPU
	EndGlobalSection
	GlobalSection(SolutionProperties) = preSolution
		HideSolutionNode = FALSE
	EndGlobalSection
	GlobalSection(ExtensibilityGlobals) = postSolution
		SolutionGuid = {B23CD219-7941-426B-A1B6-C8A39A06BECD}
	EndGlobalSection
EndGlobal
