
Microsoft Visual Studio Solution File, Format Version 12.00
# Visual Studio Version 17
VisualStudioVersion = 17.5.33516.290
MinimumVisualStudioVersion = 10.0.40219.1
Project("{FAE04EC0-301F-11D3-BF4B-00C04F79EFBC}") = "Exercise 1", "Exercise 1\Exercise 1.csproj", "{184C910C-B5CD-4B12-B74E-D5FC8F282AFA}"
EndProject
Global
	GlobalSection(SolutionConfigurationPlatforms) = preSolution
		Debug|Any CPU = Debug|Any CPU
		Release|Any CPU = Release|Any CPU
	EndGlobalSection
	GlobalSection(ProjectConfigurationPlatforms) = postSolution
		{184C910C-B5CD-4B12-B74E-D5FC8F282AFA}.Debug|Any CPU.ActiveCfg = Debug|Any CPU
		{184C910C-B5CD-4B12-B74E-D5FC8F282AFA}.Debug|Any CPU.Build.0 = Debug|Any CPU
		{184C910C-B5CD-4B12-B74E-D5FC8F282AFA}.Release|Any CPU.ActiveCfg = Release|Any CPU
		{184C910C-B5CD-4B12-B74E-D5FC8F282AFA}.Release|Any CPU.Build.0 = Release|Any CPU
	EndGlobalSection
	GlobalSection(SolutionProperties) = preSolution
		HideSolutionNode = FALSE
	EndGlobalSection
	GlobalSection(ExtensibilityGlobals) = postSolution
		SolutionGuid = {1C575ECD-3D0D-4367-8296-A352200BA73B}
	EndGlobalSection
EndGlobal
