
Microsoft Visual Studio Solution File, Format Version 12.00
# Visual Studio Version 17
VisualStudioVersion = 17.5.33516.290
MinimumVisualStudioVersion = 10.0.40219.1
Project("{FAE04EC0-301F-11D3-BF4B-00C04F79EFBC}") = "ClassAboutStrings", "ClassAboutStrings\ClassAboutStrings.csproj", "{B823292D-D3FA-4CE5-9163-022667937B45}"
EndProject
Global
	GlobalSection(SolutionConfigurationPlatforms) = preSolution
		Debug|Any CPU = Debug|Any CPU
		Release|Any CPU = Release|Any CPU
	EndGlobalSection
	GlobalSection(ProjectConfigurationPlatforms) = postSolution
		{B823292D-D3FA-4CE5-9163-022667937B45}.Debug|Any CPU.ActiveCfg = Debug|Any CPU
		{B823292D-D3FA-4CE5-9163-022667937B45}.Debug|Any CPU.Build.0 = Debug|Any CPU
		{B823292D-D3FA-4CE5-9163-022667937B45}.Release|Any CPU.ActiveCfg = Release|Any CPU
		{B823292D-D3FA-4CE5-9163-022667937B45}.Release|Any CPU.Build.0 = Release|Any CPU
	EndGlobalSection
	GlobalSection(SolutionProperties) = preSolution
		HideSolutionNode = FALSE
	EndGlobalSection
	GlobalSection(ExtensibilityGlobals) = postSolution
		SolutionGuid = {4E9C315E-391A-49A7-AD30-2527EB3C340D}
	EndGlobalSection
EndGlobal
