
Microsoft Visual Studio Solution File, Format Version 12.00
# Visual Studio Version 17
VisualStudioVersion = 17.5.33516.290
MinimumVisualStudioVersion = 10.0.40219.1
Project("{FAE04EC0-301F-11D3-BF4B-00C04F79EFBC}") = "MultiCastDelegates", "MultiCastDelegates\MultiCastDelegates.csproj", "{23757DFE-4636-4077-AA8B-B2CE5E77C6FB}"
EndProject
Global
	GlobalSection(SolutionConfigurationPlatforms) = preSolution
		Debug|Any CPU = Debug|Any CPU
		Release|Any CPU = Release|Any CPU
	EndGlobalSection
	GlobalSection(ProjectConfigurationPlatforms) = postSolution
		{23757DFE-4636-4077-AA8B-B2CE5E77C6FB}.Debug|Any CPU.ActiveCfg = Debug|Any CPU
		{23757DFE-4636-4077-AA8B-B2CE5E77C6FB}.Debug|Any CPU.Build.0 = Debug|Any CPU
		{23757DFE-4636-4077-AA8B-B2CE5E77C6FB}.Release|Any CPU.ActiveCfg = Release|Any CPU
		{23757DFE-4636-4077-AA8B-B2CE5E77C6FB}.Release|Any CPU.Build.0 = Release|Any CPU
	EndGlobalSection
	GlobalSection(SolutionProperties) = preSolution
		HideSolutionNode = FALSE
	EndGlobalSection
	GlobalSection(ExtensibilityGlobals) = postSolution
		SolutionGuid = {EC26F88D-490E-402A-96C7-D1AD305137DF}
	EndGlobalSection
EndGlobal
