
Microsoft Visual Studio Solution File, Format Version 12.00
# Visual Studio Version 17
VisualStudioVersion = 17.5.33516.290
MinimumVisualStudioVersion = 10.0.40219.1
Project("{FAE04EC0-301F-11D3-BF4B-00C04F79EFBC}") = "ExtensionMethods", "ExtensionMethods\ExtensionMethods.csproj", "{6F9579AA-B53C-4EBF-BF07-9BB5C0C0C13D}"
EndProject
Global
	GlobalSection(SolutionConfigurationPlatforms) = preSolution
		Debug|Any CPU = Debug|Any CPU
		Release|Any CPU = Release|Any CPU
	EndGlobalSection
	GlobalSection(ProjectConfigurationPlatforms) = postSolution
		{6F9579AA-B53C-4EBF-BF07-9BB5C0C0C13D}.Debug|Any CPU.ActiveCfg = Debug|Any CPU
		{6F9579AA-B53C-4EBF-BF07-9BB5C0C0C13D}.Debug|Any CPU.Build.0 = Debug|Any CPU
		{6F9579AA-B53C-4EBF-BF07-9BB5C0C0C13D}.Release|Any CPU.ActiveCfg = Release|Any CPU
		{6F9579AA-B53C-4EBF-BF07-9BB5C0C0C13D}.Release|Any CPU.Build.0 = Release|Any CPU
	EndGlobalSection
	GlobalSection(SolutionProperties) = preSolution
		HideSolutionNode = FALSE
	EndGlobalSection
	GlobalSection(ExtensibilityGlobals) = postSolution
		SolutionGuid = {9F75E8CB-4364-48A4-A2D7-39B13FE0D13A}
	EndGlobalSection
EndGlobal
